{
  "nodes": {
    "flakeNimbleLib": {
      "inputs": {
        "nixpkgs": [
          "nixpkgs"
        ]
      },
      "locked": {
        "lastModified": 1662018438,
        "narHash": "sha256-QtNtU6+LX3Wokxf0zlFwKTFOcn6TeDjKQZ+DA9OYtvM=",
        "owner": "riinr",
        "repo": "nim-flakes-lib",
        "rev": "b1fe8340736e3a85d25c709ac3dfd82a55c03cbf",
        "type": "github"
      },
      "original": {
        "owner": "riinr",
        "ref": "master",
        "repo": "nim-flakes-lib",
        "type": "github"
      }
    },
    "flower-main": {
      "inputs": {
        "flakeNimbleLib": [
          "flakeNimbleLib"
        ],
        "nixpkgs": [
          "nixpkgs"
        ],
        "src-flower-main": "src-flower-main"
      },
      "locked": {
        "dir": "main",
        "lastModified": 1667322277,
        "narHash": "sha256-Z6gZiJkPlJkUZBVJJo6uFP7Su7MGuvxIebOH9J7eRt8=",
        "owner": "nim-nix-pkgs",
        "repo": "flower",
        "rev": "0c8cc2a27600cef3e152adab47bdc18b922125e7",
        "type": "github"
      },
      "original": {
        "dir": "main",
        "owner": "nim-nix-pkgs",
        "ref": "master",
        "repo": "flower",
        "type": "github"
      }
    },
    "nixpkgs": {
      "locked": {
        "lastModified": 1667199707,
        "narHash": "sha256-I2Js3Y7gUyVSEXPULHlBoRek4Lh85vnevdS6mdvDNLI=",
        "owner": "NixOS",
        "repo": "nixpkgs",
        "rev": "ced197be72099edcfa68ebed8b87af7b04851f45",
        "type": "github"
      },
      "original": {
        "id": "nixpkgs",
        "type": "indirect"
      }
    },
    "root": {
      "inputs": {
        "flakeNimbleLib": "flakeNimbleLib",
        "flower-main": "flower-main",
        "nixpkgs": "nixpkgs"
      }
    },
    "src-flower-main": {
      "flake": false,
      "locked": {
        "lastModified": 1641256804,
        "narHash": "sha256-ykv5TUi1HC2CSO67zMGqP3IpMVW8p1JjZWXFF3f2oCA=",
        "owner": "dizzyliam",
        "repo": "flower",
        "rev": "63423c60f04cc623ed917be1a8aa75c217679bab",
        "type": "github"
      },
      "original": {
        "owner": "dizzyliam",
        "ref": "refs/heads/main",
        "repo": "flower",
        "type": "github"
      }
    }
  },
  "root": "root",
  "version": 7
}
