{
  "nodes": {
    "flakeNimbleLib": {
      "inputs": {
        "nixpkgs": [
          "nixpkgs"
        ]
      },
      "locked": {
        "lastModified": 1662018438,
        "narHash": "sha256-QtNtU6+LX3Wokxf0zlFwKTFOcn6TeDjKQZ+DA9OYtvM=",
        "owner": "riinr",
        "repo": "nim-flakes-lib",
        "rev": "b1fe8340736e3a85d25c709ac3dfd82a55c03cbf",
        "type": "github"
      },
      "original": {
        "owner": "riinr",
        "ref": "master",
        "repo": "nim-flakes-lib",
        "type": "github"
      }
    },
    "flower-main": {
      "inputs": {
        "flakeNimbleLib": [
          "flakeNimbleLib"
        ],
        "nixpkgs": [
          "nixpkgs"
        ],
        "src-flower-main": "src-flower-main"
      },
      "locked": {
        "dir": "main",
        "lastModified": 1662254470,
        "narHash": "sha256-R7Q1uj2ivrSWqjNdNlCAyznifdz2cGWqyqnt2yeNLhU=",
        "owner": "nim-nix-pkgs",
        "repo": "flower",
        "rev": "f1299de671ab34c52e812bd3a508440faa0ff5e4",
        "type": "github"
      },
      "original": {
        "dir": "main",
        "owner": "nim-nix-pkgs",
        "ref": "master",
        "repo": "flower",
        "type": "github"
      }
    },
    "nixpkgs": {
      "locked": {
        "lastModified": 1667110639,
        "narHash": "sha256-4FbPESZ5LbqQxkJJJBAfk/zKgF9h/4kyUwjjpJwYlbc=",
        "owner": "NixOS",
        "repo": "nixpkgs",
        "rev": "f38a1f04d1bec1feb61fd101a0539ae2002a7087",
        "type": "github"
      },
      "original": {
        "id": "nixpkgs",
        "type": "indirect"
      }
    },
    "root": {
      "inputs": {
        "flakeNimbleLib": "flakeNimbleLib",
        "flower-main": "flower-main",
        "nixpkgs": "nixpkgs"
      }
    },
    "src-flower-main": {
      "flake": false,
      "locked": {
        "lastModified": 1641256804,
        "narHash": "sha256-ykv5TUi1HC2CSO67zMGqP3IpMVW8p1JjZWXFF3f2oCA=",
        "owner": "dizzyliam",
        "repo": "flower",
        "rev": "63423c60f04cc623ed917be1a8aa75c217679bab",
        "type": "github"
      },
      "original": {
        "owner": "dizzyliam",
        "ref": "refs/heads/main",
        "repo": "flower",
        "type": "github"
      }
    }
  },
  "root": "root",
  "version": 7
}
