{
  "nodes": {
    "flakeNimbleLib": {
      "inputs": {
        "nixpkgs": [
          "nixpkgs"
        ]
      },
      "locked": {
        "lastModified": 1662018438,
        "narHash": "sha256-QtNtU6+LX3Wokxf0zlFwKTFOcn6TeDjKQZ+DA9OYtvM=",
        "owner": "riinr",
        "repo": "nim-flakes-lib",
        "rev": "b1fe8340736e3a85d25c709ac3dfd82a55c03cbf",
        "type": "github"
      },
      "original": {
        "owner": "riinr",
        "ref": "master",
        "repo": "nim-flakes-lib",
        "type": "github"
      }
    },
    "nixpkgs": {
      "locked": {
        "lastModified": 1667085676,
        "narHash": "sha256-jPHYYoSdrV3ypWG4oi9SUeI2MU6dLjxM88+9io5Rrx0=",
        "owner": "NixOS",
        "repo": "nixpkgs",
        "rev": "e6e6bad81b7e11f37d893ef39712ce8918ae2338",
        "type": "github"
      },
      "original": {
        "id": "nixpkgs",
        "type": "indirect"
      }
    },
    "root": {
      "inputs": {
        "flakeNimbleLib": "flakeNimbleLib",
        "nixpkgs": "nixpkgs",
        "src-flower-main": "src-flower-main"
      }
    },
    "src-flower-main": {
      "flake": false,
      "locked": {
        "lastModified": 1641256804,
        "narHash": "sha256-ykv5TUi1HC2CSO67zMGqP3IpMVW8p1JjZWXFF3f2oCA=",
        "owner": "dizzyliam",
        "repo": "flower",
        "rev": "63423c60f04cc623ed917be1a8aa75c217679bab",
        "type": "github"
      },
      "original": {
        "owner": "dizzyliam",
        "ref": "refs/heads/main",
        "repo": "flower",
        "type": "github"
      }
    }
  },
  "root": "root",
  "version": 7
}
